{
  "nodes": {
    "futhark": {
      "inputs": {
        "nixpkgs": [
          "nixpkgs"
        ]
      },
      "locked": {
        "lastModified": 1786393534,
        "narHash": "sha256-NxBZBDYkyfxYi0HUD9rr5qnP1UHMdRBpfCSnqoSNXM0=",
        "owner": "diku-dk",
        "repo": "futhark",
        "rev": "4cf56e8c96c4e0c23feada8487790a593c47505b",
        "type": "github"
      },
      "original": {
        "owner": "diku-dk",
        "repo": "futhark",
        "type": "github"
      }
    },
    "nixpkgs": {
      "locked": {
        "lastModified": 1786348146,
        "narHash": "sha256-we5zDEFfn8TgzeWKjKDMIjeQZ59omEPl23NIF+13/ys=",
        "owner": "nixos",
        "repo": "nixpkgs",
        "rev": "d482ef84049d9b7276b83a06e4e4d76983830097",
        "type": "github"
      },
      "original": {
        "owner": "nixos",
        "ref": "nixpkgs-unstable",
        "repo": "nixpkgs",
        "type": "github"
      }
    },
    "root": {
      "inputs": {
        "futhark": "futhark",
        "nixpkgs": "nixpkgs"
      }
    }
  },
  "root": "root",
  "version": 7
}
