{
  "nodes": {
    "futhark": {
      "inputs": {
        "nixpkgs": [
          "nixpkgs"
        ]
      },
      "locked": {
        "lastModified": 1789581041,
        "narHash": "sha256-3NIVsk9ZwssBRPrwSDK1dlgq9ZqFxACnYMPHeDqUk80=",
        "owner": "diku-dk",
        "repo": "futhark",
        "rev": "48d855417f6e2bfaa9ab9644bbdbf025bdf2528d",
        "type": "github"
      },
      "original": {
        "owner": "diku-dk",
        "repo": "futhark",
        "type": "github"
      }
    },
    "nixpkgs": {
      "locked": {
        "lastModified": 1786534138,
        "owner": "nixos",
        "repo": "nixpkgs",
        "rev": "044bfe75bfe4c7bbe043dc17b5e42ea823b84a09",
        "type": "github"
      },
      "original": {
        "owner": "nixos",
        "ref": "nixpkgs-unstable",
        "repo": "nixpkgs",
        "type": "github"
      }
    },
    "root": {
      "inputs": {
        "futhark": "futhark",
        "nixpkgs": "nixpkgs"
      }
    }
  },
  "root": "root",
  "version": 7
}
