{
  "nodes": {
    "futhark": {
      "inputs": {
        "nixpkgs": [
          "nixpkgs"
        ]
      },
      "locked": {
        "lastModified": 1783153812,
        "narHash": "sha256-sXfduV8gjy3pTZf3rsrlHIMoaYoSTdvQPbrzZ3n6eHE=",
        "owner": "diku-dk",
        "repo": "futhark",
        "rev": "9367f40148f4a582bcb12e6ab4c25bd2c456efe3",
        "type": "github"
      },
      "original": {
        "owner": "diku-dk",
        "repo": "futhark",
        "type": "github"
      }
    },
    "nixpkgs": {
      "locked": {
        "lastModified": 1783096916,
        "narHash": "sha256-4OTZyOqbXeGo95Qox1P1eBju1QVQjNKFIWTMdFUF57w=",
        "owner": "nixos",
        "repo": "nixpkgs",
        "rev": "0c190cd98e1f30cdbeff0ca149b2b17564a4a30e",
        "type": "github"
      },
      "original": {
        "owner": "nixos",
        "ref": "nixpkgs-unstable",
        "repo": "nixpkgs",
        "type": "github"
      }
    },
    "root": {
      "inputs": {
        "futhark": "futhark",
        "nixpkgs": "nixpkgs"
      }
    }
  },
  "root": "root",
  "version": 7
}
